
Microsoft Visual Studio Solution File, Format Version 12.00
# Visual Studio 15
VisualStudioVersion = 15.0.28010.2046
MinimumVisualStudioVersion = 10.0.40219.1
Project("{FAE04EC0-301F-11D3-BF4B-00C04F79EFBC}") = "1C Cache Cleaning", "1C Cache Cleaning\1C Cache Cleaning.csproj", "{B0995FD6-5574-4B7F-B77B-1A29D1C21B07}"
EndProject
Global
	GlobalSection(SolutionConfigurationPlatforms) = preSolution
		Debug|Any CPU = Debug|Any CPU
		Release|Any CPU = Release|Any CPU
	EndGlobalSection
	GlobalSection(ProjectConfigurationPlatforms) = postSolution
		{B0995FD6-5574-4B7F-B77B-1A29D1C21B07}.Debug|Any CPU.ActiveCfg = Debug|Any CPU
		{B0995FD6-5574-4B7F-B77B-1A29D1C21B07}.Debug|Any CPU.Build.0 = Debug|Any CPU
		{B0995FD6-5574-4B7F-B77B-1A29D1C21B07}.Release|Any CPU.ActiveCfg = Release|Any CPU
		{B0995FD6-5574-4B7F-B77B-1A29D1C21B07}.Release|Any CPU.Build.0 = Release|Any CPU
	EndGlobalSection
	GlobalSection(SolutionProperties) = preSolution
		HideSolutionNode = FALSE
	EndGlobalSection
	GlobalSection(ExtensibilityGlobals) = postSolution
		SolutionGuid = {4623B119-FE68-45B8-89F3-F2A9A8BAC661}
	EndGlobalSection
EndGlobal
